// !$*UTF8*$!
{
	archiveVersion = 1;
	classes = {
	};
	objectVersion = 56;
	objects = {

/* Begin PBXBuildFile section */
		4E0C408C2C02743500F08629 /* StartupTasksApp.swift in Sources */ = {isa = PBXBuildFile; fileRef = 4E0C408B2C02743500F08629 /* StartupTasksApp.swift */; };
		4E0C408E2C02743500F08629 /* MainView.swift in Sources */ = {isa = PBXBuildFile; fileRef = 4E0C408D2C02743500F08629 /* MainView.swift */; };
		4E0C40902C02743600F08629 /* Assets.xcassets in Resources */ = {isa = PBXBuildFile; fileRef = 4E0C408F2C02743600F08629 /* Assets.xcassets */; };
		4E0C40932C02743600F08629 /* Preview Assets.xcassets in Resources */ = {isa = PBXBuildFile; fileRef = 4E0C40922C02743600F08629 /* Preview Assets.xcassets */; };
		4E0FBE592C09FE6600D40E2B /* CombineExtensions.swift in Sources */ = {isa = PBXBuildFile; fileRef = 4E0FBE582C09FE6600D40E2B /* CombineExtensions.swift */; };
		4E450A662C0777F300B5BF4B /* Strings.swift in Sources */ = {isa = PBXBuildFile; fileRef = 4E450A652C0777F300B5BF4B /* Strings.swift */; };
		4E628A682C065BC000A89F2A /* LaunchAtLogin in Frameworks */ = {isa = PBXBuildFile; productRef = 4E628A672C065BC000A89F2A /* LaunchAtLogin */; };
		4E628A6A2C065CE200A89F2A /* SettingsPage.swift in Sources */ = {isa = PBXBuildFile; fileRef = 4E628A692C065CE200A89F2A /* SettingsPage.swift */; };
		4E80ADE12C0D0AE7001E4E8C /* UrlPage.swift in Sources */ = {isa = PBXBuildFile; fileRef = 4E80ADE02C0D0AE7001E4E8C /* UrlPage.swift */; };
		4E80ADE32C0D0B46001E4E8C /* UrlPageViewModel.swift in Sources */ = {isa = PBXBuildFile; fileRef = 4E80ADE22C0D0B46001E4E8C /* UrlPageViewModel.swift */; };
		4E8E75592C07B06000569A06 /* LoginDefaults.swift in Sources */ = {isa = PBXBuildFile; fileRef = 4E8E75582C07B06000569A06 /* LoginDefaults.swift */; };
		4E9210642C0B29E10035E1DE /* MainViewModel.swift in Sources */ = {isa = PBXBuildFile; fileRef = 4E9210632C0B29E10035E1DE /* MainViewModel.swift */; };
		4EBB3E4D2C0F511C002B25A3 /* AppItemView.swift in Sources */ = {isa = PBXBuildFile; fileRef = 4EBB3E4C2C0F511C002B25A3 /* AppItemView.swift */; };
		4ECFA00D2C0E455B0078B00B /* AppsPage.swift in Sources */ = {isa = PBXBuildFile; fileRef = 4ECFA00C2C0E455B0078B00B /* AppsPage.swift */; };
		4ECFA00F2C0E45A00078B00B /* AppsViewModel.swift in Sources */ = {isa = PBXBuildFile; fileRef = 4ECFA00E2C0E45A00078B00B /* AppsViewModel.swift */; };
		4ECFA0112C0E46CC0078B00B /* AppItem.swift in Sources */ = {isa = PBXBuildFile; fileRef = 4ECFA0102C0E46CC0078B00B /* AppItem.swift */; };
		4ECFA0132C0E48A30078B00B /* AppUtils.swift in Sources */ = {isa = PBXBuildFile; fileRef = 4ECFA0122C0E48A30078B00B /* AppUtils.swift */; };
/* End PBXBuildFile section */

/* Begin PBXFileReference section */
		4E0C40882C02743500F08629 /* StartupTasks.app */ = {isa = PBXFileReference; explicitFileType = wrapper.application; includeInIndex = 0; path = StartupTasks.app; sourceTree = BUILT_PRODUCTS_DIR; };
		4E0C408B2C02743500F08629 /* StartupTasksApp.swift */ = {isa = PBXFileReference; lastKnownFileType = sourcecode.swift; path = StartupTasksApp.swift; sourceTree = "<group>"; };
		4E0C408D2C02743500F08629 /* MainView.swift */ = {isa = PBXFileReference; lastKnownFileType = sourcecode.swift; path = MainView.swift; sourceTree = "<group>"; };
		4E0C408F2C02743600F08629 /* Assets.xcassets */ = {isa = PBXFileReference; lastKnownFileType = folder.assetcatalog; path = Assets.xcassets; sourceTree = "<group>"; };
		4E0C40922C02743600F08629 /* Preview Assets.xcassets */ = {isa = PBXFileReference; lastKnownFileType = folder.assetcatalog; path = "Preview Assets.xcassets"; sourceTree = "<group>"; };
		4E0C40942C02743600F08629 /* StartupTasks.entitlements */ = {isa = PBXFileReference; lastKnownFileType = text.plist.entitlements; path = StartupTasks.entitlements; sourceTree = "<group>"; };
		4E0C409A2C027E2100F08629 /* Info.plist */ = {isa = PBXFileReference; lastKnownFileType = text.plist; path = Info.plist; sourceTree = "<group>"; };
		4E0FBE582C09FE6600D40E2B /* CombineExtensions.swift */ = {isa = PBXFileReference; lastKnownFileType = sourcecode.swift; path = CombineExtensions.swift; sourceTree = "<group>"; };
		4E450A652C0777F300B5BF4B /* Strings.swift */ = {isa = PBXFileReference; lastKnownFileType = sourcecode.swift; path = Strings.swift; sourceTree = "<group>"; };
		4E628A692C065CE200A89F2A /* SettingsPage.swift */ = {isa = PBXFileReference; lastKnownFileType = sourcecode.swift; path = SettingsPage.swift; sourceTree = "<group>"; };
		4E80ADE02C0D0AE7001E4E8C /* UrlPage.swift */ = {isa = PBXFileReference; lastKnownFileType = sourcecode.swift; path = UrlPage.swift; sourceTree = "<group>"; };
		4E80ADE22C0D0B46001E4E8C /* UrlPageViewModel.swift */ = {isa = PBXFileReference; lastKnownFileType = sourcecode.swift; path = UrlPageViewModel.swift; sourceTree = "<group>"; };
		4E8E75582C07B06000569A06 /* LoginDefaults.swift */ = {isa = PBXFileReference; lastKnownFileType = sourcecode.swift; path = LoginDefaults.swift; sourceTree = "<group>"; };
		4E9210632C0B29E10035E1DE /* MainViewModel.swift */ = {isa = PBXFileReference; lastKnownFileType = sourcecode.swift; path = MainViewModel.swift; sourceTree = "<group>"; };
		4EBB3E4C2C0F511C002B25A3 /* AppItemView.swift */ = {isa = PBXFileReference; lastKnownFileType = sourcecode.swift; path = AppItemView.swift; sourceTree = "<group>"; };
		4ECFA00C2C0E455B0078B00B /* AppsPage.swift */ = {isa = PBXFileReference; lastKnownFileType = sourcecode.swift; path = AppsPage.swift; sourceTree = "<group>"; };
		4ECFA00E2C0E45A00078B00B /* AppsViewModel.swift */ = {isa = PBXFileReference; lastKnownFileType = sourcecode.swift; path = AppsViewModel.swift; sourceTree = "<group>"; };
		4ECFA0102C0E46CC0078B00B /* AppItem.swift */ = {isa = PBXFileReference; lastKnownFileType = sourcecode.swift; path = AppItem.swift; sourceTree = "<group>"; };
		4ECFA0122C0E48A30078B00B /* AppUtils.swift */ = {isa = PBXFileReference; lastKnownFileType = sourcecode.swift; path = AppUtils.swift; sourceTree = "<group>"; };
/* End PBXFileReference section */

/* Begin PBXFrameworksBuildPhase section */
		4E0C40852C02743500F08629 /* Frameworks */ = {
			isa = PBXFrameworksBuildPhase;
			buildActionMask = 2147483647;
			files = (
				4E628A682C065BC000A89F2A /* LaunchAtLogin in Frameworks */,
			);
			runOnlyForDeploymentPostprocessing = 0;
		};
/* End PBXFrameworksBuildPhase section */

/* Begin PBXGroup section */
		4E0C407F2C02743500F08629 = {
			isa = PBXGroup;
			children = (
				4E0C408A2C02743500F08629 /* StartupTasks */,
				4E0C40892C02743500F08629 /* Products */,
			);
			sourceTree = "<group>";
		};
		4E0C40892C02743500F08629 /* Products */ = {
			isa = PBXGroup;
			children = (
				4E0C40882C02743500F08629 /* StartupTasks.app */,
			);
			name = Products;
			sourceTree = "<group>";
		};
		4E0C408A2C02743500F08629 /* StartupTasks */ = {
			isa = PBXGroup;
			children = (
				4E0C409A2C027E2100F08629 /* Info.plist */,
				4E0C408B2C02743500F08629 /* StartupTasksApp.swift */,
				4E0C408D2C02743500F08629 /* MainView.swift */,
				4E0C408F2C02743600F08629 /* Assets.xcassets */,
				4E0C40942C02743600F08629 /* StartupTasks.entitlements */,
				4E0C40912C02743600F08629 /* Preview Content */,
				4E628A692C065CE200A89F2A /* SettingsPage.swift */,
				4E450A652C0777F300B5BF4B /* Strings.swift */,
				4E8E75582C07B06000569A06 /* LoginDefaults.swift */,
				4E0FBE582C09FE6600D40E2B /* CombineExtensions.swift */,
				4E9210632C0B29E10035E1DE /* MainViewModel.swift */,
				4E80ADE02C0D0AE7001E4E8C /* UrlPage.swift */,
				4E80ADE22C0D0B46001E4E8C /* UrlPageViewModel.swift */,
				4ECFA00C2C0E455B0078B00B /* AppsPage.swift */,
				4ECFA00E2C0E45A00078B00B /* AppsViewModel.swift */,
				4ECFA0102C0E46CC0078B00B /* AppItem.swift */,
				4ECFA0122C0E48A30078B00B /* AppUtils.swift */,
				4EBB3E4C2C0F511C002B25A3 /* AppItemView.swift */,
			);
			path = StartupTasks;
			sourceTree = "<group>";
		};
		4E0C40912C02743600F08629 /* Preview Content */ = {
			isa = PBXGroup;
			children = (
				4E0C40922C02743600F08629 /* Preview Assets.xcassets */,
			);
			path = "Preview Content";
			sourceTree = "<group>";
		};
/* End PBXGroup section */

/* Begin PBXNativeTarget section */
		4E0C40872C02743500F08629 /* StartupTasks */ = {
			isa = PBXNativeTarget;
			buildConfigurationList = 4E0C40972C02743600F08629 /* Build configuration list for PBXNativeTarget "StartupTasks" */;
			buildPhases = (
				4E0C40842C02743500F08629 /* Sources */,
				4E0C40852C02743500F08629 /* Frameworks */,
				4E0C40862C02743500F08629 /* Resources */,
			);
			buildRules = (
			);
			dependencies = (
			);
			name = StartupTasks;
			packageProductDependencies = (
				4E628A672C065BC000A89F2A /* LaunchAtLogin */,
			);
			productName = StartupTasks;
			productReference = 4E0C40882C02743500F08629 /* StartupTasks.app */;
			productType = "com.apple.product-type.application";
		};
/* End PBXNativeTarget section */

/* Begin PBXProject section */
		4E0C40802C02743500F08629 /* Project object */ = {
			isa = PBXProject;
			attributes = {
				BuildIndependentTargetsInParallel = 1;
				LastSwiftUpdateCheck = 1500;
				LastUpgradeCheck = 1500;
				TargetAttributes = {
					4E0C40872C02743500F08629 = {
						CreatedOnToolsVersion = 15.0.1;
					};
				};
			};
			buildConfigurationList = 4E0C40832C02743500F08629 /* Build configuration list for PBXProject "StartupTasks" */;
			compatibilityVersion = "Xcode 14.0";
			developmentRegion = en;
			hasScannedForEncodings = 0;
			knownRegions = (
				en,
				Base,
			);
			mainGroup = 4E0C407F2C02743500F08629;
			packageReferences = (
				4E628A662C065BC000A89F2A /* XCRemoteSwiftPackageReference "LaunchAtLogin-Modern" */,
			);
			productRefGroup = 4E0C40892C02743500F08629 /* Products */;
			projectDirPath = "";
			projectRoot = "";
			targets = (
				4E0C40872C02743500F08629 /* StartupTasks */,
			);
		};
/* End PBXProject section */

/* Begin PBXResourcesBuildPhase section */
		4E0C40862C02743500F08629 /* Resources */ = {
			isa = PBXResourcesBuildPhase;
			buildActionMask = 2147483647;
			files = (
				4E0C40932C02743600F08629 /* Preview Assets.xcassets in Resources */,
				4E0C40902C02743600F08629 /* Assets.xcassets in Resources */,
			);
			runOnlyForDeploymentPostprocessing = 0;
		};
/* End PBXResourcesBuildPhase section */

/* Begin PBXSourcesBuildPhase section */
		4E0C40842C02743500F08629 /* Sources */ = {
			isa = PBXSourcesBuildPhase;
			buildActionMask = 2147483647;
			files = (
				4E9210642C0B29E10035E1DE /* MainViewModel.swift in Sources */,
				4E628A6A2C065CE200A89F2A /* SettingsPage.swift in Sources */,
				4E80ADE32C0D0B46001E4E8C /* UrlPageViewModel.swift in Sources */,
				4EBB3E4D2C0F511C002B25A3 /* AppItemView.swift in Sources */,
				4ECFA0112C0E46CC0078B00B /* AppItem.swift in Sources */,
				4ECFA0132C0E48A30078B00B /* AppUtils.swift in Sources */,
				4E8E75592C07B06000569A06 /* LoginDefaults.swift in Sources */,
				4E450A662C0777F300B5BF4B /* Strings.swift in Sources */,
				4ECFA00D2C0E455B0078B00B /* AppsPage.swift in Sources */,
				4E0FBE592C09FE6600D40E2B /* CombineExtensions.swift in Sources */,
				4E0C408E2C02743500F08629 /* MainView.swift in Sources */,
				4E0C408C2C02743500F08629 /* StartupTasksApp.swift in Sources */,
				4ECFA00F2C0E45A00078B00B /* AppsViewModel.swift in Sources */,
				4E80ADE12C0D0AE7001E4E8C /* UrlPage.swift in Sources */,
			);
			runOnlyForDeploymentPostprocessing = 0;
		};
/* End PBXSourcesBuildPhase section */

/* Begin XCBuildConfiguration section */
		4E0C40952C02743600F08629 /* Debug */ = {
			isa = XCBuildConfiguration;
			buildSettings = {
				ALWAYS_SEARCH_USER_PATHS = NO;
				ASSETCATALOG_COMPILER_GENERATE_SWIFT_ASSET_SYMBOL_EXTENSIONS = YES;
				CLANG_ANALYZER_NONNULL = YES;
				CLANG_ANALYZER_NUMBER_OBJECT_CONVERSION = YES_AGGRESSIVE;
				CLANG_CXX_LANGUAGE_STANDARD = "gnu++20";
				CLANG_ENABLE_MODULES = YES;
				CLANG_ENABLE_OBJC_ARC = YES;
				CLANG_ENABLE_OBJC_WEAK = YES;
				CLANG_WARN_BLOCK_CAPTURE_AUTORELEASING = YES;
				CLANG_WARN_BOOL_CONVERSION = YES;
				CLANG_WARN_COMMA = YES;
				CLANG_WARN_CONSTANT_CONVERSION = YES;
				CLANG_WARN_DEPRECATED_OBJC_IMPLEMENTATIONS = YES;
				CLANG_WARN_DIRECT_OBJC_ISA_USAGE = YES_ERROR;
				CLANG_WARN_DOCUMENTATION_COMMENTS = YES;
				CLANG_WARN_EMPTY_BODY = YES;
				CLANG_WARN_ENUM_CONVERSION = YES;
				CLANG_WARN_INFINITE_RECURSION = YES;
				CLANG_WARN_INT_CONVERSION = YES;
				CLANG_WARN_NON_LITERAL_NULL_CONVERSION = YES;
				CLANG_WARN_OBJC_IMPLICIT_RETAIN_SELF = YES;
				CLANG_WARN_OBJC_LITERAL_CONVERSION = YES;
				CLANG_WARN_OBJC_ROOT_CLASS = YES_ERROR;
				CLANG_WARN_QUOTED_INCLUDE_IN_FRAMEWORK_HEADER = YES;
				CLANG_WARN_RANGE_LOOP_ANALYSIS = YES;
				CLANG_WARN_STRICT_PROTOTYPES = YES;
				CLANG_WARN_SUSPICIOUS_MOVE = YES;
				CLANG_WARN_UNGUARDED_AVAILABILITY = YES_AGGRESSIVE;
				CLANG_WARN_UNREACHABLE_CODE = YES;
				CLANG_WARN__DUPLICATE_METHOD_MATCH = YES;
				COPY_PHASE_STRIP = NO;
				DEBUG_INFORMATION_FORMAT = dwarf;
				ENABLE_STRICT_OBJC_MSGSEND = YES;
				ENABLE_TESTABILITY = YES;
				ENABLE_USER_SCRIPT_SANDBOXING = YES;
				GCC_C_LANGUAGE_STANDARD = gnu17;
				GCC_DYNAMIC_NO_PIC = NO;
				GCC_NO_COMMON_BLOCKS = YES;
				GCC_OPTIMIZATION_LEVEL = 0;
				GCC_PREPROCESSOR_DEFINITIONS = (
					"DEBUG=1",
					"$(inherited)",
				);
				GCC_WARN_64_TO_32_BIT_CONVERSION = YES;
				GCC_WARN_ABOUT_RETURN_TYPE = YES_ERROR;
				GCC_WARN_UNDECLARED_SELECTOR = YES;
				GCC_WARN_UNINITIALIZED_AUTOS = YES_AGGRESSIVE;
				GCC_WARN_UNUSED_FUNCTION = YES;
				GCC_WARN_UNUSED_VARIABLE = YES;
				LOCALIZATION_PREFERS_STRING_CATALOGS = YES;
				MACOSX_DEPLOYMENT_TARGET = 14.0;
				MTL_ENABLE_DEBUG_INFO = INCLUDE_SOURCE;
				MTL_FAST_MATH = YES;
				ONLY_ACTIVE_ARCH = YES;
				SDKROOT = macosx;
				SWIFT_ACTIVE_COMPILATION_CONDITIONS = "DEBUG $(inherited)";
				SWIFT_OPTIMIZATION_LEVEL = "-Onone";
			};
			name = Debug;
		};
		4E0C40962C02743600F08629 /* Release */ = {
			isa = XCBuildConfiguration;
			buildSettings = {
				ALWAYS_SEARCH_USER_PATHS = NO;
				ASSETCATALOG_COMPILER_GENERATE_SWIFT_ASSET_SYMBOL_EXTENSIONS = YES;
				CLANG_ANALYZER_NONNULL = YES;
				CLANG_ANALYZER_NUMBER_OBJECT_CONVERSION = YES_AGGRESSIVE;
				CLANG_CXX_LANGUAGE_STANDARD = "gnu++20";
				CLANG_ENABLE_MODULES = YES;
				CLANG_ENABLE_OBJC_ARC = YES;
				CLANG_ENABLE_OBJC_WEAK = YES;
				CLANG_WARN_BLOCK_CAPTURE_AUTORELEASING = YES;
				CLANG_WARN_BOOL_CONVERSION = YES;
				CLANG_WARN_COMMA = YES;
				CLANG_WARN_CONSTANT_CONVERSION = YES;
				CLANG_WARN_DEPRECATED_OBJC_IMPLEMENTATIONS = YES;
				CLANG_WARN_DIRECT_OBJC_ISA_USAGE = YES_ERROR;
				CLANG_WARN_DOCUMENTATION_COMMENTS = YES;
				CLANG_WARN_EMPTY_BODY = YES;
				CLANG_WARN_ENUM_CONVERSION = YES;
				CLANG_WARN_INFINITE_RECURSION = YES;
				CLANG_WARN_INT_CONVERSION = YES;
				CLANG_WARN_NON_LITERAL_NULL_CONVERSION = YES;
				CLANG_WARN_OBJC_IMPLICIT_RETAIN_SELF = YES;
				CLANG_WARN_OBJC_LITERAL_CONVERSION = YES;
				CLANG_WARN_OBJC_ROOT_CLASS = YES_ERROR;
				CLANG_WARN_QUOTED_INCLUDE_IN_FRAMEWORK_HEADER = YES;
				CLANG_WARN_RANGE_LOOP_ANALYSIS = YES;
				CLANG_WARN_STRICT_PROTOTYPES = YES;
				CLANG_WARN_SUSPICIOUS_MOVE = YES;
				CLANG_WARN_UNGUARDED_AVAILABILITY = YES_AGGRESSIVE;
				CLANG_WARN_UNREACHABLE_CODE = YES;
				CLANG_WARN__DUPLICATE_METHOD_MATCH = YES;
				COPY_PHASE_STRIP = NO;
				DEBUG_INFORMATION_FORMAT = "dwarf-with-dsym";
				ENABLE_NS_ASSERTIONS = NO;
				ENABLE_STRICT_OBJC_MSGSEND = YES;
				ENABLE_USER_SCRIPT_SANDBOXING = YES;
				GCC_C_LANGUAGE_STANDARD = gnu17;
				GCC_NO_COMMON_BLOCKS = YES;
				GCC_WARN_64_TO_32_BIT_CONVERSION = YES;
				GCC_WARN_ABOUT_RETURN_TYPE = YES_ERROR;
				GCC_WARN_UNDECLARED_SELECTOR = YES;
				GCC_WARN_UNINITIALIZED_AUTOS = YES_AGGRESSIVE;
				GCC_WARN_UNUSED_FUNCTION = YES;
				GCC_WARN_UNUSED_VARIABLE = YES;
				LOCALIZATION_PREFERS_STRING_CATALOGS = YES;
				MACOSX_DEPLOYMENT_TARGET = 14.0;
				MTL_ENABLE_DEBUG_INFO = NO;
				MTL_FAST_MATH = YES;
				SDKROOT = macosx;
				SWIFT_COMPILATION_MODE = wholemodule;
			};
			name = Release;
		};
		4E0C40982C02743600F08629 /* Debug */ = {
			isa = XCBuildConfiguration;
			buildSettings = {
				ASSETCATALOG_COMPILER_APPICON_NAME = AppIcon;
				ASSETCATALOG_COMPILER_GLOBAL_ACCENT_COLOR_NAME = AccentColor;
				CODE_SIGN_ENTITLEMENTS = StartupTasks/StartupTasks.entitlements;
				CODE_SIGN_STYLE = Automatic;
				COMBINE_HIDPI_IMAGES = YES;
				CURRENT_PROJECT_VERSION = 1;
				DEVELOPMENT_ASSET_PATHS = "\"StartupTasks/Preview Content\"";
				DEVELOPMENT_TEAM = 7F856L37CB;
				ENABLE_HARDENED_RUNTIME = YES;
				ENABLE_PREVIEWS = YES;
				GENERATE_INFOPLIST_FILE = YES;
				INFOPLIST_FILE = StartupTasks/Info.plist;
				INFOPLIST_KEY_NSHumanReadableCopyright = "";
				LD_RUNPATH_SEARCH_PATHS = (
					"$(inherited)",
					"@executable_path/../Frameworks",
				);
				MACOSX_DEPLOYMENT_TARGET = 14.0;
				MARKETING_VERSION = 1.0;
				PRODUCT_BUNDLE_IDENTIFIER = com.gergo.StartupTasks;
				PRODUCT_NAME = "$(TARGET_NAME)";
				SWIFT_EMIT_LOC_STRINGS = YES;
				SWIFT_VERSION = 5.0;
			};
			name = Debug;
		};
		4E0C40992C02743600F08629 /* Release */ = {
			isa = XCBuildConfiguration;
			buildSettings = {
				ASSETCATALOG_COMPILER_APPICON_NAME = AppIcon;
				ASSETCATALOG_COMPILER_GLOBAL_ACCENT_COLOR_NAME = AccentColor;
				CODE_SIGN_ENTITLEMENTS = StartupTasks/StartupTasks.entitlements;
				CODE_SIGN_STYLE = Automatic;
				COMBINE_HIDPI_IMAGES = YES;
				CURRENT_PROJECT_VERSION = 1;
				DEVELOPMENT_ASSET_PATHS = "\"StartupTasks/Preview Content\"";
				DEVELOPMENT_TEAM = 7F856L37CB;
				ENABLE_HARDENED_RUNTIME = YES;
				ENABLE_PREVIEWS = YES;
				GENERATE_INFOPLIST_FILE = YES;
				INFOPLIST_FILE = StartupTasks/Info.plist;
				INFOPLIST_KEY_NSHumanReadableCopyright = "";
				LD_RUNPATH_SEARCH_PATHS = (
					"$(inherited)",
					"@executable_path/../Frameworks",
				);
				MACOSX_DEPLOYMENT_TARGET = 14.0;
				MARKETING_VERSION = 1.0;
				PRODUCT_BUNDLE_IDENTIFIER = com.gergo.StartupTasks;
				PRODUCT_NAME = "$(TARGET_NAME)";
				SWIFT_EMIT_LOC_STRINGS = YES;
				SWIFT_VERSION = 5.0;
			};
			name = Release;
		};
/* End XCBuildConfiguration section */

/* Begin XCConfigurationList section */
		4E0C40832C02743500F08629 /* Build configuration list for PBXProject "StartupTasks" */ = {
			isa = XCConfigurationList;
			buildConfigurations = (
				4E0C40952C02743600F08629 /* Debug */,
				4E0C40962C02743600F08629 /* Release */,
			);
			defaultConfigurationIsVisible = 0;
			defaultConfigurationName = Release;
		};
		4E0C40972C02743600F08629 /* Build configuration list for PBXNativeTarget "StartupTasks" */ = {
			isa = XCConfigurationList;
			buildConfigurations = (
				4E0C40982C02743600F08629 /* Debug */,
				4E0C40992C02743600F08629 /* Release */,
			);
			defaultConfigurationIsVisible = 0;
			defaultConfigurationName = Release;
		};
/* End XCConfigurationList section */

/* Begin XCRemoteSwiftPackageReference section */
		4E628A662C065BC000A89F2A /* XCRemoteSwiftPackageReference "LaunchAtLogin-Modern" */ = {
			isa = XCRemoteSwiftPackageReference;
			repositoryURL = "https://github.com/sindresorhus/LaunchAtLogin-Modern";
			requirement = {
				branch = main;
				kind = branch;
			};
		};
/* End XCRemoteSwiftPackageReference section */

/* Begin XCSwiftPackageProductDependency section */
		4E628A672C065BC000A89F2A /* LaunchAtLogin */ = {
			isa = XCSwiftPackageProductDependency;
			package = 4E628A662C065BC000A89F2A /* XCRemoteSwiftPackageReference "LaunchAtLogin-Modern" */;
			productName = LaunchAtLogin;
		};
/* End XCSwiftPackageProductDependency section */
	};
	rootObject = 4E0C40802C02743500F08629 /* Project object */;
}
